
Microsoft Visual Studio Solution File, Format Version 12.00
# Visual Studio Version 17
VisualStudioVersion = 17.3.32929.385
MinimumVisualStudioVersion = 10.0.40219.1
Project("{FAE04EC0-301F-11D3-BF4B-00C04F79EFBC}") = "MyExample", "MyExample\MyExample.csproj", "{2FAEB679-C880-4919-B8BB-64667924E207}"
EndProject
Global
	GlobalSection(SolutionConfigurationPlatforms) = preSolution
		Debug|Any CPU = Debug|Any CPU
		Release|Any CPU = Release|Any CPU
	EndGlobalSection
	GlobalSection(ProjectConfigurationPlatforms) = postSolution
		{2FAEB679-C880-4919-B8BB-64667924E207}.Debug|Any CPU.ActiveCfg = Debug|Any CPU
		{2FAEB679-C880-4919-B8BB-64667924E207}.Debug|Any CPU.Build.0 = Debug|Any CPU
		{2FAEB679-C880-4919-B8BB-64667924E207}.Release|Any CPU.ActiveCfg = Release|Any CPU
		{2FAEB679-C880-4919-B8BB-64667924E207}.Release|Any CPU.Build.0 = Release|Any CPU
	EndGlobalSection
	GlobalSection(SolutionProperties) = preSolution
		HideSolutionNode = FALSE
	EndGlobalSection
	GlobalSection(ExtensibilityGlobals) = postSolution
		SolutionGuid = {12254F11-E890-4E41-81E9-693CBE770488}
	EndGlobalSection
EndGlobal
